# This file was autogenerated by Stack.
# You should not edit this file by hand.
# For more information, please see the documentation at:
#   https://docs.haskellstack.org/en/stable/lock_files

packages: []
snapshots:
- completed:
    size: 336189
    url: https://raw.githubusercontent.com/commercialhaskell/stackage-snapshots/master/nightly/2018/10/12.yaml
    sha256: 2c968eb6061487d98c94080ad22cde3e3203d9cc2d469f685483d94d130afeeb
  original: nightly-2018-10-12
